
Microsoft Visual Studio Solution File, Format Version 12.00
# Visual Studio Version 16
VisualStudioVersion = 16.0.29009.5
MinimumVisualStudioVersion = 10.0.40219.1
Project("{9A19103F-16F7-4668-BE54-9A1E7A4F7556}") = "webApiCore", "webApiCore\webApiCore.csproj", "{2EE701A9-CA94-41B1-B7D8-611B5DA8F7F1}"
EndProject
Project("{FAE04EC0-301F-11D3-BF4B-00C04F79EFBC}") = "Domain", "Domain\Domain.csproj", "{4D6688A6-D987-4A50-959C-C8D339DBF0DF}"
EndProject
Project("{FAE04EC0-301F-11D3-BF4B-00C04F79EFBC}") = "Service", "Service\Service.csproj", "{7A5AA433-1D96-4390-978D-5E7E74B5A279}"
EndProject
Project("{FAE04EC0-301F-11D3-BF4B-00C04F79EFBC}") = "Infrastructure", "Infrastructure\Infrastructure.csproj", "{476CCD84-A791-4878-937D-F3E4DD97AA80}"
EndProject
Global
	GlobalSection(SolutionConfigurationPlatforms) = preSolution
		Debug|Any CPU = Debug|Any CPU
		Release|Any CPU = Release|Any CPU
	EndGlobalSection
	GlobalSection(ProjectConfigurationPlatforms) = postSolution
		{2EE701A9-CA94-41B1-B7D8-611B5DA8F7F1}.Debug|Any CPU.ActiveCfg = Debug|Any CPU
		{2EE701A9-CA94-41B1-B7D8-611B5DA8F7F1}.Debug|Any CPU.Build.0 = Debug|Any CPU
		{2EE701A9-CA94-41B1-B7D8-611B5DA8F7F1}.Release|Any CPU.ActiveCfg = Release|Any CPU
		{2EE701A9-CA94-41B1-B7D8-611B5DA8F7F1}.Release|Any CPU.Build.0 = Release|Any CPU
		{4D6688A6-D987-4A50-959C-C8D339DBF0DF}.Debug|Any CPU.ActiveCfg = Debug|Any CPU
		{4D6688A6-D987-4A50-959C-C8D339DBF0DF}.Debug|Any CPU.Build.0 = Debug|Any CPU
		{4D6688A6-D987-4A50-959C-C8D339DBF0DF}.Release|Any CPU.ActiveCfg = Release|Any CPU
		{4D6688A6-D987-4A50-959C-C8D339DBF0DF}.Release|Any CPU.Build.0 = Release|Any CPU
		{7A5AA433-1D96-4390-978D-5E7E74B5A279}.Debug|Any CPU.ActiveCfg = Debug|Any CPU
		{7A5AA433-1D96-4390-978D-5E7E74B5A279}.Debug|Any CPU.Build.0 = Debug|Any CPU
		{7A5AA433-1D96-4390-978D-5E7E74B5A279}.Release|Any CPU.ActiveCfg = Release|Any CPU
		{7A5AA433-1D96-4390-978D-5E7E74B5A279}.Release|Any CPU.Build.0 = Release|Any CPU
		{476CCD84-A791-4878-937D-F3E4DD97AA80}.Debug|Any CPU.ActiveCfg = Debug|Any CPU
		{476CCD84-A791-4878-937D-F3E4DD97AA80}.Debug|Any CPU.Build.0 = Debug|Any CPU
		{476CCD84-A791-4878-937D-F3E4DD97AA80}.Release|Any CPU.ActiveCfg = Release|Any CPU
		{476CCD84-A791-4878-937D-F3E4DD97AA80}.Release|Any CPU.Build.0 = Release|Any CPU
	EndGlobalSection
	GlobalSection(SolutionProperties) = preSolution
		HideSolutionNode = FALSE
	EndGlobalSection
	GlobalSection(ExtensibilityGlobals) = postSolution
		SolutionGuid = {9A8072C0-5DF8-4F9A-A5BD-4881F54AF1F0}
	EndGlobalSection
EndGlobal
